
Microsoft Visual Studio Solution File, Format Version 12.00
# Visual Studio Version 16
VisualStudioVersion = 16.0.30517.126
MinimumVisualStudioVersion = 10.0.40219.1
Project("{FAE04EC0-301F-11D3-BF4B-00C04F79EFBC}") = "ColorPickerSocket-Client", "ColorPickerSocket-Client\ColorPickerSocket-Client.csproj", "{ECADC927-C347-44D9-89A3-C7E844CCB566}"
EndProject
Project("{FAE04EC0-301F-11D3-BF4B-00C04F79EFBC}") = "ColorPickerSocket-Server", "ColorPickerSocket-Server\ColorPickerSocket-Server.csproj", "{35F5FBAF-87A9-45E3-90F9-51FBBD84F0A3}"
EndProject
Global
	GlobalSection(SolutionConfigurationPlatforms) = preSolution
		Debug|Any CPU = Debug|Any CPU
		Release|Any CPU = Release|Any CPU
	EndGlobalSection
	GlobalSection(ProjectConfigurationPlatforms) = postSolution
		{ECADC927-C347-44D9-89A3-C7E844CCB566}.Debug|Any CPU.ActiveCfg = Debug|Any CPU
		{ECADC927-C347-44D9-89A3-C7E844CCB566}.Debug|Any CPU.Build.0 = Debug|Any CPU
		{ECADC927-C347-44D9-89A3-C7E844CCB566}.Release|Any CPU.ActiveCfg = Release|Any CPU
		{ECADC927-C347-44D9-89A3-C7E844CCB566}.Release|Any CPU.Build.0 = Release|Any CPU
		{35F5FBAF-87A9-45E3-90F9-51FBBD84F0A3}.Debug|Any CPU.ActiveCfg = Debug|Any CPU
		{35F5FBAF-87A9-45E3-90F9-51FBBD84F0A3}.Debug|Any CPU.Build.0 = Debug|Any CPU
		{35F5FBAF-87A9-45E3-90F9-51FBBD84F0A3}.Release|Any CPU.ActiveCfg = Release|Any CPU
		{35F5FBAF-87A9-45E3-90F9-51FBBD84F0A3}.Release|Any CPU.Build.0 = Release|Any CPU
	EndGlobalSection
	GlobalSection(SolutionProperties) = preSolution
		HideSolutionNode = FALSE
	EndGlobalSection
	GlobalSection(ExtensibilityGlobals) = postSolution
		SolutionGuid = {7F221D3B-7BA9-425B-8E5F-8DAE016AFCCA}
	EndGlobalSection
EndGlobal
